
Microsoft Visual Studio Solution File, Format Version 12.00
# Visual Studio 15
VisualStudioVersion = 15.0.28307.1684
MinimumVisualStudioVersion = 10.0.40219.1
Project("{8BC9CEB8-8B4A-11D0-8D11-00A0C91BC942}") = "2.23", "2.23\2.23.vcxproj", "{EA63126A-6E4D-497D-866D-14FCC4370EEE}"
EndProject
Global
	GlobalSection(SolutionConfigurationPlatforms) = preSolution
		Debug|x64 = Debug|x64
		Debug|x86 = Debug|x86
		Release|x64 = Release|x64
		Release|x86 = Release|x86
	EndGlobalSection
	GlobalSection(ProjectConfigurationPlatforms) = postSolution
		{EA63126A-6E4D-497D-866D-14FCC4370EEE}.Debug|x64.ActiveCfg = Debug|x64
		{EA63126A-6E4D-497D-866D-14FCC4370EEE}.Debug|x64.Build.0 = Debug|x64
		{EA63126A-6E4D-497D-866D-14FCC4370EEE}.Debug|x86.ActiveCfg = Debug|Win32
		{EA63126A-6E4D-497D-866D-14FCC4370EEE}.Debug|x86.Build.0 = Debug|Win32
		{EA63126A-6E4D-497D-866D-14FCC4370EEE}.Release|x64.ActiveCfg = Release|x64
		{EA63126A-6E4D-497D-866D-14FCC4370EEE}.Release|x64.Build.0 = Release|x64
		{EA63126A-6E4D-497D-866D-14FCC4370EEE}.Release|x86.ActiveCfg = Release|Win32
		{EA63126A-6E4D-497D-866D-14FCC4370EEE}.Release|x86.Build.0 = Release|Win32
	EndGlobalSection
	GlobalSection(SolutionProperties) = preSolution
		HideSolutionNode = FALSE
	EndGlobalSection
	GlobalSection(ExtensibilityGlobals) = postSolution
		SolutionGuid = {2A82C7FB-E86D-4062-A460-9985FE355086}
	EndGlobalSection
EndGlobal
